// !$*UTF8*$!
{
	archiveVersion = 1;
	classes = {
	};
	objectVersion = 56;
	objects = {

/* Begin PBXBuildFile section */
		972930932B3B5C1500F1414F /* CatGame.swift in Sources */ = {isa = PBXBuildFile; fileRef = 972930922B3B5C1500F1414F /* CatGame.swift */; };
		972930952B3B5C2600F1414F /* CatGame.storyboard in Resources */ = {isa = PBXBuildFile; fileRef = 972930942B3B5C2600F1414F /* CatGame.storyboard */; };
		972930972B3B5E6000F1414F /* Square.swift in Sources */ = {isa = PBXBuildFile; fileRef = 972930962B3B5E6000F1414F /* Square.swift */; };
		972930992B3B5E9E00F1414F /* SquareViewController.storyboard in Resources */ = {isa = PBXBuildFile; fileRef = 972930982B3B5E9E00F1414F /* SquareViewController.storyboard */; };
		9729309B2B3B5F9B00F1414F /* moveCircleViewController.storyboard in Resources */ = {isa = PBXBuildFile; fileRef = 9729309A2B3B5F9B00F1414F /* moveCircleViewController.storyboard */; };
		9729309D2B3B60E400F1414F /* ViewController.swift in Sources */ = {isa = PBXBuildFile; fileRef = 9729309C2B3B60E400F1414F /* ViewController.swift */; };
		9778076A2B3B1C2100C11E53 /* CarRace.swift in Sources */ = {isa = PBXBuildFile; fileRef = 977807692B3B1C2100C11E53 /* CarRace.swift */; };
		9778076C2B3B1C4200C11E53 /* Car.storyboard in Resources */ = {isa = PBXBuildFile; fileRef = 9778076B2B3B1C4200C11E53 /* Car.storyboard */; };
		97FD0FD12B34814A00C7C066 /* AppDelegate.swift in Sources */ = {isa = PBXBuildFile; fileRef = 97FD0FD02B34814A00C7C066 /* AppDelegate.swift */; };
		97FD0FD32B34814A00C7C066 /* SceneDelegate.swift in Sources */ = {isa = PBXBuildFile; fileRef = 97FD0FD22B34814A00C7C066 /* SceneDelegate.swift */; };
		97FD0FD82B34814A00C7C066 /* Main.storyboard in Resources */ = {isa = PBXBuildFile; fileRef = 97FD0FD62B34814A00C7C066 /* Main.storyboard */; };
		97FD0FDA2B34814F00C7C066 /* Assets.xcassets in Resources */ = {isa = PBXBuildFile; fileRef = 97FD0FD92B34814F00C7C066 /* Assets.xcassets */; };
		97FD0FDD2B34814F00C7C066 /* LaunchScreen.storyboard in Resources */ = {isa = PBXBuildFile; fileRef = 97FD0FDB2B34814F00C7C066 /* LaunchScreen.storyboard */; };
		97FD0FE52B34C5B000C7C066 /* MoveCircle.swift in Sources */ = {isa = PBXBuildFile; fileRef = 97FD0FE42B34C5B000C7C066 /* MoveCircle.swift */; };
/* End PBXBuildFile section */

/* Begin PBXFileReference section */
		972930922B3B5C1500F1414F /* CatGame.swift */ = {isa = PBXFileReference; lastKnownFileType = sourcecode.swift; path = CatGame.swift; sourceTree = "<group>"; };
		972930942B3B5C2600F1414F /* CatGame.storyboard */ = {isa = PBXFileReference; lastKnownFileType = file.storyboard; path = CatGame.storyboard; sourceTree = "<group>"; };
		972930962B3B5E6000F1414F /* Square.swift */ = {isa = PBXFileReference; lastKnownFileType = sourcecode.swift; path = Square.swift; sourceTree = "<group>"; };
		972930982B3B5E9E00F1414F /* SquareViewController.storyboard */ = {isa = PBXFileReference; lastKnownFileType = file.storyboard; path = SquareViewController.storyboard; sourceTree = "<group>"; };
		9729309A2B3B5F9B00F1414F /* moveCircleViewController.storyboard */ = {isa = PBXFileReference; lastKnownFileType = file.storyboard; path = moveCircleViewController.storyboard; sourceTree = "<group>"; };
		9729309C2B3B60E400F1414F /* ViewController.swift */ = {isa = PBXFileReference; lastKnownFileType = sourcecode.swift; path = ViewController.swift; sourceTree = "<group>"; };
		977807692B3B1C2100C11E53 /* CarRace.swift */ = {isa = PBXFileReference; lastKnownFileType = sourcecode.swift; path = CarRace.swift; sourceTree = "<group>"; };
		9778076B2B3B1C4200C11E53 /* Car.storyboard */ = {isa = PBXFileReference; lastKnownFileType = file.storyboard; path = Car.storyboard; sourceTree = "<group>"; };
		97FD0FCD2B34814A00C7C066 /* games.app */ = {isa = PBXFileReference; explicitFileType = wrapper.application; includeInIndex = 0; path = games.app; sourceTree = BUILT_PRODUCTS_DIR; };
		97FD0FD02B34814A00C7C066 /* AppDelegate.swift */ = {isa = PBXFileReference; lastKnownFileType = sourcecode.swift; path = AppDelegate.swift; sourceTree = "<group>"; };
		97FD0FD22B34814A00C7C066 /* SceneDelegate.swift */ = {isa = PBXFileReference; lastKnownFileType = sourcecode.swift; path = SceneDelegate.swift; sourceTree = "<group>"; };
		97FD0FD72B34814A00C7C066 /* Base */ = {isa = PBXFileReference; lastKnownFileType = file.storyboard; name = Base; path = Base.lproj/Main.storyboard; sourceTree = "<group>"; };
		97FD0FD92B34814F00C7C066 /* Assets.xcassets */ = {isa = PBXFileReference; lastKnownFileType = folder.assetcatalog; path = Assets.xcassets; sourceTree = "<group>"; };
		97FD0FDC2B34814F00C7C066 /* Base */ = {isa = PBXFileReference; lastKnownFileType = file.storyboard; name = Base; path = Base.lproj/LaunchScreen.storyboard; sourceTree = "<group>"; };
		97FD0FDE2B34814F00C7C066 /* Info.plist */ = {isa = PBXFileReference; lastKnownFileType = text.plist.xml; path = Info.plist; sourceTree = "<group>"; };
		97FD0FE42B34C5B000C7C066 /* MoveCircle.swift */ = {isa = PBXFileReference; fileEncoding = 4; lastKnownFileType = sourcecode.swift; path = MoveCircle.swift; sourceTree = "<group>"; };
/* End PBXFileReference section */

/* Begin PBXFrameworksBuildPhase section */
		97FD0FCA2B34814A00C7C066 /* Frameworks */ = {
			isa = PBXFrameworksBuildPhase;
			buildActionMask = 2147483647;
			files = (
			);
			runOnlyForDeploymentPostprocessing = 0;
		};
/* End PBXFrameworksBuildPhase section */

/* Begin PBXGroup section */
		97FD0FC42B34814A00C7C066 = {
			isa = PBXGroup;
			children = (
				9729309C2B3B60E400F1414F /* ViewController.swift */,
				9729309A2B3B5F9B00F1414F /* moveCircleViewController.storyboard */,
				972930982B3B5E9E00F1414F /* SquareViewController.storyboard */,
				972930962B3B5E6000F1414F /* Square.swift */,
				972930942B3B5C2600F1414F /* CatGame.storyboard */,
				972930922B3B5C1500F1414F /* CatGame.swift */,
				9778076B2B3B1C4200C11E53 /* Car.storyboard */,
				977807692B3B1C2100C11E53 /* CarRace.swift */,
				97FD0FCF2B34814A00C7C066 /* games */,
				97FD0FCE2B34814A00C7C066 /* Products */,
			);
			sourceTree = "<group>";
		};
		97FD0FCE2B34814A00C7C066 /* Products */ = {
			isa = PBXGroup;
			children = (
				97FD0FCD2B34814A00C7C066 /* games.app */,
			);
			name = Products;
			sourceTree = "<group>";
		};
		97FD0FCF2B34814A00C7C066 /* games */ = {
			isa = PBXGroup;
			children = (
				97FD0FD02B34814A00C7C066 /* AppDelegate.swift */,
				97FD0FD22B34814A00C7C066 /* SceneDelegate.swift */,
				97FD0FE42B34C5B000C7C066 /* MoveCircle.swift */,
				97FD0FD62B34814A00C7C066 /* Main.storyboard */,
				97FD0FD92B34814F00C7C066 /* Assets.xcassets */,
				97FD0FDB2B34814F00C7C066 /* LaunchScreen.storyboard */,
				97FD0FDE2B34814F00C7C066 /* Info.plist */,
			);
			path = games;
			sourceTree = "<group>";
		};
/* End PBXGroup section */

/* Begin PBXNativeTarget section */
		97FD0FCC2B34814A00C7C066 /* games */ = {
			isa = PBXNativeTarget;
			buildConfigurationList = 97FD0FE12B34814F00C7C066 /* Build configuration list for PBXNativeTarget "games" */;
			buildPhases = (
				97FD0FC92B34814A00C7C066 /* Sources */,
				97FD0FCA2B34814A00C7C066 /* Frameworks */,
				97FD0FCB2B34814A00C7C066 /* Resources */,
			);
			buildRules = (
			);
			dependencies = (
			);
			name = games;
			productName = games;
			productReference = 97FD0FCD2B34814A00C7C066 /* games.app */;
			productType = "com.apple.product-type.application";
		};
/* End PBXNativeTarget section */

/* Begin PBXProject section */
		97FD0FC52B34814A00C7C066 /* Project object */ = {
			isa = PBXProject;
			attributes = {
				BuildIndependentTargetsInParallel = 1;
				LastSwiftUpdateCheck = 1420;
				LastUpgradeCheck = 1420;
				TargetAttributes = {
					97FD0FCC2B34814A00C7C066 = {
						CreatedOnToolsVersion = 14.2;
					};
				};
			};
			buildConfigurationList = 97FD0FC82B34814A00C7C066 /* Build configuration list for PBXProject "games" */;
			compatibilityVersion = "Xcode 14.0";
			developmentRegion = en;
			hasScannedForEncodings = 0;
			knownRegions = (
				en,
				Base,
			);
			mainGroup = 97FD0FC42B34814A00C7C066;
			productRefGroup = 97FD0FCE2B34814A00C7C066 /* Products */;
			projectDirPath = "";
			projectRoot = "";
			targets = (
				97FD0FCC2B34814A00C7C066 /* games */,
			);
		};
/* End PBXProject section */

/* Begin PBXResourcesBuildPhase section */
		97FD0FCB2B34814A00C7C066 /* Resources */ = {
			isa = PBXResourcesBuildPhase;
			buildActionMask = 2147483647;
			files = (
				972930992B3B5E9E00F1414F /* SquareViewController.storyboard in Resources */,
				972930952B3B5C2600F1414F /* CatGame.storyboard in Resources */,
				9729309B2B3B5F9B00F1414F /* moveCircleViewController.storyboard in Resources */,
				97FD0FDD2B34814F00C7C066 /* LaunchScreen.storyboard in Resources */,
				97FD0FDA2B34814F00C7C066 /* Assets.xcassets in Resources */,
				97FD0FD82B34814A00C7C066 /* Main.storyboard in Resources */,
				9778076C2B3B1C4200C11E53 /* Car.storyboard in Resources */,
			);
			runOnlyForDeploymentPostprocessing = 0;
		};
/* End PBXResourcesBuildPhase section */

/* Begin PBXSourcesBuildPhase section */
		97FD0FC92B34814A00C7C066 /* Sources */ = {
			isa = PBXSourcesBuildPhase;
			buildActionMask = 2147483647;
			files = (
				972930972B3B5E6000F1414F /* Square.swift in Sources */,
				97FD0FE52B34C5B000C7C066 /* MoveCircle.swift in Sources */,
				9778076A2B3B1C2100C11E53 /* CarRace.swift in Sources */,
				97FD0FD12B34814A00C7C066 /* AppDelegate.swift in Sources */,
				9729309D2B3B60E400F1414F /* ViewController.swift in Sources */,
				972930932B3B5C1500F1414F /* CatGame.swift in Sources */,
				97FD0FD32B34814A00C7C066 /* SceneDelegate.swift in Sources */,
			);
			runOnlyForDeploymentPostprocessing = 0;
		};
/* End PBXSourcesBuildPhase section */

/* Begin PBXVariantGroup section */
		97FD0FD62B34814A00C7C066 /* Main.storyboard */ = {
			isa = PBXVariantGroup;
			children = (
				97FD0FD72B34814A00C7C066 /* Base */,
			);
			name = Main.storyboard;
			sourceTree = "<group>";
		};
		97FD0FDB2B34814F00C7C066 /* LaunchScreen.storyboard */ = {
			isa = PBXVariantGroup;
			children = (
				97FD0FDC2B34814F00C7C066 /* Base */,
			);
			name = LaunchScreen.storyboard;
			sourceTree = "<group>";
		};
/* End PBXVariantGroup section */

/* Begin XCBuildConfiguration section */
		97FD0FDF2B34814F00C7C066 /* Debug */ = {
			isa = XCBuildConfiguration;
			buildSettings = {
				ALWAYS_SEARCH_USER_PATHS = NO;
				CLANG_ANALYZER_NONNULL = YES;
				CLANG_ANALYZER_NUMBER_OBJECT_CONVERSION = YES_AGGRESSIVE;
				CLANG_CXX_LANGUAGE_STANDARD = "gnu++20";
				CLANG_ENABLE_MODULES = YES;
				CLANG_ENABLE_OBJC_ARC = YES;
				CLANG_ENABLE_OBJC_WEAK = YES;
				CLANG_WARN_BLOCK_CAPTURE_AUTORELEASING = YES;
				CLANG_WARN_BOOL_CONVERSION = YES;
				CLANG_WARN_COMMA = YES;
				CLANG_WARN_CONSTANT_CONVERSION = YES;
				CLANG_WARN_DEPRECATED_OBJC_IMPLEMENTATIONS = YES;
				CLANG_WARN_DIRECT_OBJC_ISA_USAGE = YES_ERROR;
				CLANG_WARN_DOCUMENTATION_COMMENTS = YES;
				CLANG_WARN_EMPTY_BODY = YES;
				CLANG_WARN_ENUM_CONVERSION = YES;
				CLANG_WARN_INFINITE_RECURSION = YES;
				CLANG_WARN_INT_CONVERSION = YES;
				CLANG_WARN_NON_LITERAL_NULL_CONVERSION = YES;
				CLANG_WARN_OBJC_IMPLICIT_RETAIN_SELF = YES;
				CLANG_WARN_OBJC_LITERAL_CONVERSION = YES;
				CLANG_WARN_OBJC_ROOT_CLASS = YES_ERROR;
				CLANG_WARN_QUOTED_INCLUDE_IN_FRAMEWORK_HEADER = YES;
				CLANG_WARN_RANGE_LOOP_ANALYSIS = YES;
				CLANG_WARN_STRICT_PROTOTYPES = YES;
				CLANG_WARN_SUSPICIOUS_MOVE = YES;
				CLANG_WARN_UNGUARDED_AVAILABILITY = YES_AGGRESSIVE;
				CLANG_WARN_UNREACHABLE_CODE = YES;
				CLANG_WARN__DUPLICATE_METHOD_MATCH = YES;
				COPY_PHASE_STRIP = NO;
				DEBUG_INFORMATION_FORMAT = dwarf;
				ENABLE_STRICT_OBJC_MSGSEND = YES;
				ENABLE_TESTABILITY = YES;
				GCC_C_LANGUAGE_STANDARD = gnu11;
				GCC_DYNAMIC_NO_PIC = NO;
				GCC_NO_COMMON_BLOCKS = YES;
				GCC_OPTIMIZATION_LEVEL = 0;
				GCC_PREPROCESSOR_DEFINITIONS = (
					"DEBUG=1",
					"$(inherited)",
				);
				GCC_WARN_64_TO_32_BIT_CONVERSION = YES;
				GCC_WARN_ABOUT_RETURN_TYPE = YES_ERROR;
				GCC_WARN_UNDECLARED_SELECTOR = YES;
				GCC_WARN_UNINITIALIZED_AUTOS = YES_AGGRESSIVE;
				GCC_WARN_UNUSED_FUNCTION = YES;
				GCC_WARN_UNUSED_VARIABLE = YES;
				IPHONEOS_DEPLOYMENT_TARGET = 16.2;
				MTL_ENABLE_DEBUG_INFO = INCLUDE_SOURCE;
				MTL_FAST_MATH = YES;
				ONLY_ACTIVE_ARCH = YES;
				SDKROOT = iphoneos;
				SWIFT_ACTIVE_COMPILATION_CONDITIONS = DEBUG;
				SWIFT_OPTIMIZATION_LEVEL = "-Onone";
			};
			name = Debug;
		};
		97FD0FE02B34814F00C7C066 /* Release */ = {
			isa = XCBuildConfiguration;
			buildSettings = {
				ALWAYS_SEARCH_USER_PATHS = NO;
				CLANG_ANALYZER_NONNULL = YES;
				CLANG_ANALYZER_NUMBER_OBJECT_CONVERSION = YES_AGGRESSIVE;
				CLANG_CXX_LANGUAGE_STANDARD = "gnu++20";
				CLANG_ENABLE_MODULES = YES;
				CLANG_ENABLE_OBJC_ARC = YES;
				CLANG_ENABLE_OBJC_WEAK = YES;
				CLANG_WARN_BLOCK_CAPTURE_AUTORELEASING = YES;
				CLANG_WARN_BOOL_CONVERSION = YES;
				CLANG_WARN_COMMA = YES;
				CLANG_WARN_CONSTANT_CONVERSION = YES;
				CLANG_WARN_DEPRECATED_OBJC_IMPLEMENTATIONS = YES;
				CLANG_WARN_DIRECT_OBJC_ISA_USAGE = YES_ERROR;
				CLANG_WARN_DOCUMENTATION_COMMENTS = YES;
				CLANG_WARN_EMPTY_BODY = YES;
				CLANG_WARN_ENUM_CONVERSION = YES;
				CLANG_WARN_INFINITE_RECURSION = YES;
				CLANG_WARN_INT_CONVERSION = YES;
				CLANG_WARN_NON_LITERAL_NULL_CONVERSION = YES;
				CLANG_WARN_OBJC_IMPLICIT_RETAIN_SELF = YES;
				CLANG_WARN_OBJC_LITERAL_CONVERSION = YES;
				CLANG_WARN_OBJC_ROOT_CLASS = YES_ERROR;
				CLANG_WARN_QUOTED_INCLUDE_IN_FRAMEWORK_HEADER = YES;
				CLANG_WARN_RANGE_LOOP_ANALYSIS = YES;
				CLANG_WARN_STRICT_PROTOTYPES = YES;
				CLANG_WARN_SUSPICIOUS_MOVE = YES;
				CLANG_WARN_UNGUARDED_AVAILABILITY = YES_AGGRESSIVE;
				CLANG_WARN_UNREACHABLE_CODE = YES;
				CLANG_WARN__DUPLICATE_METHOD_MATCH = YES;
				COPY_PHASE_STRIP = NO;
				DEBUG_INFORMATION_FORMAT = "dwarf-with-dsym";
				ENABLE_NS_ASSERTIONS = NO;
				ENABLE_STRICT_OBJC_MSGSEND = YES;
				GCC_C_LANGUAGE_STANDARD = gnu11;
				GCC_NO_COMMON_BLOCKS = YES;
				GCC_WARN_64_TO_32_BIT_CONVERSION = YES;
				GCC_WARN_ABOUT_RETURN_TYPE = YES_ERROR;
				GCC_WARN_UNDECLARED_SELECTOR = YES;
				GCC_WARN_UNINITIALIZED_AUTOS = YES_AGGRESSIVE;
				GCC_WARN_UNUSED_FUNCTION = YES;
				GCC_WARN_UNUSED_VARIABLE = YES;
				IPHONEOS_DEPLOYMENT_TARGET = 16.2;
				MTL_ENABLE_DEBUG_INFO = NO;
				MTL_FAST_MATH = YES;
				SDKROOT = iphoneos;
				SWIFT_COMPILATION_MODE = wholemodule;
				SWIFT_OPTIMIZATION_LEVEL = "-O";
				VALIDATE_PRODUCT = YES;
			};
			name = Release;
		};
		97FD0FE22B34814F00C7C066 /* Debug */ = {
			isa = XCBuildConfiguration;
			buildSettings = {
				ASSETCATALOG_COMPILER_APPICON_NAME = AppIcon;
				ASSETCATALOG_COMPILER_GLOBAL_ACCENT_COLOR_NAME = AccentColor;
				CODE_SIGN_STYLE = Automatic;
				CURRENT_PROJECT_VERSION = 1;
				DEVELOPMENT_TEAM = 34J5YT7CZ4;
				GENERATE_INFOPLIST_FILE = YES;
				INFOPLIST_FILE = games/Info.plist;
				INFOPLIST_KEY_UIApplicationSupportsIndirectInputEvents = YES;
				INFOPLIST_KEY_UILaunchStoryboardName = LaunchScreen;
				INFOPLIST_KEY_UIMainStoryboardFile = Main;
				INFOPLIST_KEY_UISupportedInterfaceOrientations_iPad = "UIInterfaceOrientationPortrait UIInterfaceOrientationPortraitUpsideDown UIInterfaceOrientationLandscapeLeft UIInterfaceOrientationLandscapeRight";
				INFOPLIST_KEY_UISupportedInterfaceOrientations_iPhone = "UIInterfaceOrientationPortrait UIInterfaceOrientationLandscapeLeft UIInterfaceOrientationLandscapeRight";
				LD_RUNPATH_SEARCH_PATHS = (
					"$(inherited)",
					"@executable_path/Frameworks",
				);
				MARKETING_VERSION = 1.0;
				PRODUCT_BUNDLE_IDENTIFIER = tms.com.games;
				PRODUCT_NAME = "$(TARGET_NAME)";
				SWIFT_EMIT_LOC_STRINGS = YES;
				SWIFT_VERSION = 5.0;
				TARGETED_DEVICE_FAMILY = "1,2";
			};
			name = Debug;
		};
		97FD0FE32B34814F00C7C066 /* Release */ = {
			isa = XCBuildConfiguration;
			buildSettings = {
				ASSETCATALOG_COMPILER_APPICON_NAME = AppIcon;
				ASSETCATALOG_COMPILER_GLOBAL_ACCENT_COLOR_NAME = AccentColor;
				CODE_SIGN_STYLE = Automatic;
				CURRENT_PROJECT_VERSION = 1;
				DEVELOPMENT_TEAM = 34J5YT7CZ4;
				GENERATE_INFOPLIST_FILE = YES;
				INFOPLIST_FILE = games/Info.plist;
				INFOPLIST_KEY_UIApplicationSupportsIndirectInputEvents = YES;
				INFOPLIST_KEY_UILaunchStoryboardName = LaunchScreen;
				INFOPLIST_KEY_UIMainStoryboardFile = Main;
				INFOPLIST_KEY_UISupportedInterfaceOrientations_iPad = "UIInterfaceOrientationPortrait UIInterfaceOrientationPortraitUpsideDown UIInterfaceOrientationLandscapeLeft UIInterfaceOrientationLandscapeRight";
				INFOPLIST_KEY_UISupportedInterfaceOrientations_iPhone = "UIInterfaceOrientationPortrait UIInterfaceOrientationLandscapeLeft UIInterfaceOrientationLandscapeRight";
				LD_RUNPATH_SEARCH_PATHS = (
					"$(inherited)",
					"@executable_path/Frameworks",
				);
				MARKETING_VERSION = 1.0;
				PRODUCT_BUNDLE_IDENTIFIER = tms.com.games;
				PRODUCT_NAME = "$(TARGET_NAME)";
				SWIFT_EMIT_LOC_STRINGS = YES;
				SWIFT_VERSION = 5.0;
				TARGETED_DEVICE_FAMILY = "1,2";
			};
			name = Release;
		};
/* End XCBuildConfiguration section */

/* Begin XCConfigurationList section */
		97FD0FC82B34814A00C7C066 /* Build configuration list for PBXProject "games" */ = {
			isa = XCConfigurationList;
			buildConfigurations = (
				97FD0FDF2B34814F00C7C066 /* Debug */,
				97FD0FE02B34814F00C7C066 /* Release */,
			);
			defaultConfigurationIsVisible = 0;
			defaultConfigurationName = Release;
		};
		97FD0FE12B34814F00C7C066 /* Build configuration list for PBXNativeTarget "games" */ = {
			isa = XCConfigurationList;
			buildConfigurations = (
				97FD0FE22B34814F00C7C066 /* Debug */,
				97FD0FE32B34814F00C7C066 /* Release */,
			);
			defaultConfigurationIsVisible = 0;
			defaultConfigurationName = Release;
		};
/* End XCConfigurationList section */
	};
	rootObject = 97FD0FC52B34814A00C7C066 /* Project object */;
}
